
Microsoft Visual Studio Solution File, Format Version 12.00
# Visual Studio 15
VisualStudioVersion = 15.0.28307.421
MinimumVisualStudioVersion = 10.0.40219.1
Project("{FAE04EC0-301F-11D3-BF4B-00C04F79EFBC}") = "Employee", "Employee\Employee.csproj", "{DE729ED4-D14D-4C94-AC0C-8DE28DEE3D0C}"
EndProject
Project("{FAE04EC0-301F-11D3-BF4B-00C04F79EFBC}") = "EmployeeService", "EmployeeService\EmployeeService.csproj", "{17BC97C0-E8FC-4026-B0F5-5E99E2579A09}"
EndProject
Global
	GlobalSection(SolutionConfigurationPlatforms) = preSolution
		Debug|Any CPU = Debug|Any CPU
		Release|Any CPU = Release|Any CPU
	EndGlobalSection
	GlobalSection(ProjectConfigurationPlatforms) = postSolution
		{DE729ED4-D14D-4C94-AC0C-8DE28DEE3D0C}.Debug|Any CPU.ActiveCfg = Debug|Any CPU
		{DE729ED4-D14D-4C94-AC0C-8DE28DEE3D0C}.Debug|Any CPU.Build.0 = Debug|Any CPU
		{DE729ED4-D14D-4C94-AC0C-8DE28DEE3D0C}.Release|Any CPU.ActiveCfg = Release|Any CPU
		{DE729ED4-D14D-4C94-AC0C-8DE28DEE3D0C}.Release|Any CPU.Build.0 = Release|Any CPU
		{17BC97C0-E8FC-4026-B0F5-5E99E2579A09}.Debug|Any CPU.ActiveCfg = Debug|Any CPU
		{17BC97C0-E8FC-4026-B0F5-5E99E2579A09}.Debug|Any CPU.Build.0 = Debug|Any CPU
		{17BC97C0-E8FC-4026-B0F5-5E99E2579A09}.Release|Any CPU.ActiveCfg = Release|Any CPU
		{17BC97C0-E8FC-4026-B0F5-5E99E2579A09}.Release|Any CPU.Build.0 = Release|Any CPU
	EndGlobalSection
	GlobalSection(SolutionProperties) = preSolution
		HideSolutionNode = FALSE
	EndGlobalSection
	GlobalSection(ExtensibilityGlobals) = postSolution
		SolutionGuid = {7F08AC13-3EE8-4C52-A73E-7C2EC14BC604}
	EndGlobalSection
EndGlobal
